
Microsoft Visual Studio Solution File, Format Version 12.00
# Visual Studio Version 17
VisualStudioVersion = 17.14.36203.30 d17.14
MinimumVisualStudioVersion = 10.0.40219.1
Project("{FAE04EC0-301F-11D3-BF4B-00C04F79EFBC}") = "WebApplication2", "WebApplication2\WebApplication2.csproj", "{7BA2493D-25DE-4900-8BF3-DDAE95757267}"
EndProject
Global
	GlobalSection(SolutionConfigurationPlatforms) = preSolution
		Debug|Any CPU = Debug|Any CPU
		Release|Any CPU = Release|Any CPU
	EndGlobalSection
	GlobalSection(ProjectConfigurationPlatforms) = postSolution
		{7BA2493D-25DE-4900-8BF3-DDAE95757267}.Debug|Any CPU.ActiveCfg = Debug|Any CPU
		{7BA2493D-25DE-4900-8BF3-DDAE95757267}.Debug|Any CPU.Build.0 = Debug|Any CPU
		{7BA2493D-25DE-4900-8BF3-DDAE95757267}.Release|Any CPU.ActiveCfg = Release|Any CPU
		{7BA2493D-25DE-4900-8BF3-DDAE95757267}.Release|Any CPU.Build.0 = Release|Any CPU
	EndGlobalSection
	GlobalSection(SolutionProperties) = preSolution
		HideSolutionNode = FALSE
	EndGlobalSection
	GlobalSection(ExtensibilityGlobals) = postSolution
		SolutionGuid = {408AAC48-124C-42FC-8785-0FAB8F7A7AE3}
	EndGlobalSection
EndGlobal
